// !$*UTF8*$!
{
	archiveVersion = 1;
	classes = {
	};
	objectVersion = 50;
	objects = {

/* Begin PBXBuildFile section */
		1B04A7F3228A509E001CC06E /* Transaction.storyboard in Resources */ = {isa = PBXBuildFile; fileRef = 1B04A7F2228A509E001CC06E /* Transaction.storyboard */; };
		1B04A7F5228A5466001CC06E /* SendTransactionViewController.swift in Sources */ = {isa = PBXBuildFile; fileRef = 1B04A7F4228A5466001CC06E /* SendTransactionViewController.swift */; };
		1B04A7F7228A6D9B001CC06E /* DesignableTest.swift in Sources */ = {isa = PBXBuildFile; fileRef = 1B04A7F6228A6D9B001CC06E /* DesignableTest.swift */; };
		1B04A7FB228AAA05001CC06E /* TransactionViewModel.swift in Sources */ = {isa = PBXBuildFile; fileRef = 1B04A7FA228AAA05001CC06E /* TransactionViewModel.swift */; };
		1B25ED5F227A9770006F83F4 /* AppDelegate.swift in Sources */ = {isa = PBXBuildFile; fileRef = 1B25ED5E227A9770006F83F4 /* AppDelegate.swift */; };
		1B25ED61227A9770006F83F4 /* ViewController.swift in Sources */ = {isa = PBXBuildFile; fileRef = 1B25ED60227A9770006F83F4 /* ViewController.swift */; };
		1B25ED64227A9770006F83F4 /* Main.storyboard in Resources */ = {isa = PBXBuildFile; fileRef = 1B25ED62227A9770006F83F4 /* Main.storyboard */; };
		1B25ED66227A9772006F83F4 /* Assets.xcassets in Resources */ = {isa = PBXBuildFile; fileRef = 1B25ED65227A9772006F83F4 /* Assets.xcassets */; };
		1B25ED69227A9772006F83F4 /* LaunchScreen.storyboard in Resources */ = {isa = PBXBuildFile; fileRef = 1B25ED67227A9772006F83F4 /* LaunchScreen.storyboard */; };
		1B35F7422288FC0B009F0BBB /* UIView+.swift in Sources */ = {isa = PBXBuildFile; fileRef = 1B35F73F2288FC0B009F0BBB /* UIView+.swift */; };
		1B35F7432288FC0B009F0BBB /* String+.swift in Sources */ = {isa = PBXBuildFile; fileRef = 1B35F7402288FC0B009F0BBB /* String+.swift */; };
		1B35F7442288FC0B009F0BBB /* UIColor+.swift in Sources */ = {isa = PBXBuildFile; fileRef = 1B35F7412288FC0B009F0BBB /* UIColor+.swift */; };
		1B35F7492288FE20009F0BBB /* NetworkViewController.swift in Sources */ = {isa = PBXBuildFile; fileRef = 1B35F7482288FE20009F0BBB /* NetworkViewController.swift */; };
		1B35F74C2288FFD1009F0BBB /* ImportWallet.storyboard in Resources */ = {isa = PBXBuildFile; fileRef = 1B35F74B2288FFD1009F0BBB /* ImportWallet.storyboard */; };
		1B35F74E2289016A009F0BBB /* ImportPKViewController.swift in Sources */ = {isa = PBXBuildFile; fileRef = 1B35F74D2289016A009F0BBB /* ImportPKViewController.swift */; };
		1B35F75022890198009F0BBB /* ImportNameViewController.swift in Sources */ = {isa = PBXBuildFile; fileRef = 1B35F74F22890198009F0BBB /* ImportNameViewController.swift */; };
		1B373E45227C038E00603240 /* Wallet.swift in Sources */ = {isa = PBXBuildFile; fileRef = 1B373E44227C038E00603240 /* Wallet.swift */; };
		1B373E48227C324F00603240 /* WalletModel.xcdatamodeld in Sources */ = {isa = PBXBuildFile; fileRef = 1B373E46227C324F00603240 /* WalletModel.xcdatamodeld */; };
		1B57BAC82283B2B700AFBD7E /* WalletTableViewCell.swift in Sources */ = {isa = PBXBuildFile; fileRef = 1B57BAC72283B2B700AFBD7E /* WalletTableViewCell.swift */; };
		1B5E6F47227AC4DA00871EF6 /* ViewModel.swift in Sources */ = {isa = PBXBuildFile; fileRef = 1B5E6F46227AC4DA00871EF6 /* ViewModel.swift */; };
		1B711D49228966D100AD55F3 /* NetworkCollectionViewCell.swift in Sources */ = {isa = PBXBuildFile; fileRef = 1B711D48228966D100AD55F3 /* NetworkCollectionViewCell.swift */; };
		1B9B4D5A228275DB00C345BD /* Ethereum.swift in Sources */ = {isa = PBXBuildFile; fileRef = 1B9B4D59228275DB00C345BD /* Ethereum.swift */; };
		1B9B4D5C22827EB800C345BD /* CreateWalletViewController.swift in Sources */ = {isa = PBXBuildFile; fileRef = 1B9B4D5B22827EB800C345BD /* CreateWalletViewController.swift */; };
		1B9B4D5E22827ED500C345BD /* CreateWallet.storyboard in Resources */ = {isa = PBXBuildFile; fileRef = 1B9B4D5D22827ED500C345BD /* CreateWallet.storyboard */; };
		1B9B4D62228295AE00C345BD /* WalletNameViewController.swift in Sources */ = {isa = PBXBuildFile; fileRef = 1B9B4D61228295AE00C345BD /* WalletNameViewController.swift */; };
		1B9B4D642282A3FD00C345BD /* WalletLastViewController.swift in Sources */ = {isa = PBXBuildFile; fileRef = 1B9B4D632282A3FD00C345BD /* WalletLastViewController.swift */; };
		1BA0FB15228BF8FD00A0ADD7 /* TxResultViewController.swift in Sources */ = {isa = PBXBuildFile; fileRef = 1BA0FB14228BF8FD00A0ADD7 /* TxResultViewController.swift */; };
		FF2E68B480FEA07578169D15 /* Pods_WalletClone.framework in Frameworks */ = {isa = PBXBuildFile; fileRef = AFE4FA063C70EBC12AE6B936 /* Pods_WalletClone.framework */; };
/* End PBXBuildFile section */

/* Begin PBXFileReference section */
		1B04A7F2228A509E001CC06E /* Transaction.storyboard */ = {isa = PBXFileReference; lastKnownFileType = file.storyboard; path = Transaction.storyboard; sourceTree = "<group>"; };
		1B04A7F4228A5466001CC06E /* SendTransactionViewController.swift */ = {isa = PBXFileReference; lastKnownFileType = sourcecode.swift; path = SendTransactionViewController.swift; sourceTree = "<group>"; };
		1B04A7F6228A6D9B001CC06E /* DesignableTest.swift */ = {isa = PBXFileReference; lastKnownFileType = sourcecode.swift; path = DesignableTest.swift; sourceTree = "<group>"; };
		1B04A7FA228AAA05001CC06E /* TransactionViewModel.swift */ = {isa = PBXFileReference; lastKnownFileType = sourcecode.swift; path = TransactionViewModel.swift; sourceTree = "<group>"; };
		1B25ED5B227A9770006F83F4 /* WalletClone.app */ = {isa = PBXFileReference; explicitFileType = wrapper.application; includeInIndex = 0; path = WalletClone.app; sourceTree = BUILT_PRODUCTS_DIR; };
		1B25ED5E227A9770006F83F4 /* AppDelegate.swift */ = {isa = PBXFileReference; lastKnownFileType = sourcecode.swift; path = AppDelegate.swift; sourceTree = "<group>"; };
		1B25ED60227A9770006F83F4 /* ViewController.swift */ = {isa = PBXFileReference; lastKnownFileType = sourcecode.swift; path = ViewController.swift; sourceTree = "<group>"; };
		1B25ED63227A9770006F83F4 /* Base */ = {isa = PBXFileReference; lastKnownFileType = file.storyboard; name = Base; path = Base.lproj/Main.storyboard; sourceTree = "<group>"; };
		1B25ED65227A9772006F83F4 /* Assets.xcassets */ = {isa = PBXFileReference; lastKnownFileType = folder.assetcatalog; path = Assets.xcassets; sourceTree = "<group>"; };
		1B25ED68227A9772006F83F4 /* Base */ = {isa = PBXFileReference; lastKnownFileType = file.storyboard; name = Base; path = Base.lproj/LaunchScreen.storyboard; sourceTree = "<group>"; };
		1B25ED6A227A9772006F83F4 /* Info.plist */ = {isa = PBXFileReference; lastKnownFileType = text.plist.xml; path = Info.plist; sourceTree = "<group>"; };
		1B35F73F2288FC0B009F0BBB /* UIView+.swift */ = {isa = PBXFileReference; fileEncoding = 4; lastKnownFileType = sourcecode.swift; path = "UIView+.swift"; sourceTree = "<group>"; };
		1B35F7402288FC0B009F0BBB /* String+.swift */ = {isa = PBXFileReference; fileEncoding = 4; lastKnownFileType = sourcecode.swift; path = "String+.swift"; sourceTree = "<group>"; };
		1B35F7412288FC0B009F0BBB /* UIColor+.swift */ = {isa = PBXFileReference; fileEncoding = 4; lastKnownFileType = sourcecode.swift; path = "UIColor+.swift"; sourceTree = "<group>"; };
		1B35F7482288FE20009F0BBB /* NetworkViewController.swift */ = {isa = PBXFileReference; fileEncoding = 4; lastKnownFileType = sourcecode.swift; path = NetworkViewController.swift; sourceTree = "<group>"; };
		1B35F74B2288FFD1009F0BBB /* ImportWallet.storyboard */ = {isa = PBXFileReference; lastKnownFileType = file.storyboard; path = ImportWallet.storyboard; sourceTree = "<group>"; };
		1B35F74D2289016A009F0BBB /* ImportPKViewController.swift */ = {isa = PBXFileReference; lastKnownFileType = sourcecode.swift; path = ImportPKViewController.swift; sourceTree = "<group>"; };
		1B35F74F22890198009F0BBB /* ImportNameViewController.swift */ = {isa = PBXFileReference; lastKnownFileType = sourcecode.swift; path = ImportNameViewController.swift; sourceTree = "<group>"; };
		1B373E44227C038E00603240 /* Wallet.swift */ = {isa = PBXFileReference; lastKnownFileType = sourcecode.swift; path = Wallet.swift; sourceTree = "<group>"; };
		1B373E47227C324F00603240 /* WalletModel.xcdatamodel */ = {isa = PBXFileReference; lastKnownFileType = wrapper.xcdatamodel; path = WalletModel.xcdatamodel; sourceTree = "<group>"; };
		1B57BAC72283B2B700AFBD7E /* WalletTableViewCell.swift */ = {isa = PBXFileReference; lastKnownFileType = sourcecode.swift; path = WalletTableViewCell.swift; sourceTree = "<group>"; };
		1B5E6F46227AC4DA00871EF6 /* ViewModel.swift */ = {isa = PBXFileReference; lastKnownFileType = sourcecode.swift; path = ViewModel.swift; sourceTree = "<group>"; };
		1B711D48228966D100AD55F3 /* NetworkCollectionViewCell.swift */ = {isa = PBXFileReference; lastKnownFileType = sourcecode.swift; path = NetworkCollectionViewCell.swift; sourceTree = "<group>"; };
		1B9B4D59228275DB00C345BD /* Ethereum.swift */ = {isa = PBXFileReference; lastKnownFileType = sourcecode.swift; path = Ethereum.swift; sourceTree = "<group>"; };
		1B9B4D5B22827EB800C345BD /* CreateWalletViewController.swift */ = {isa = PBXFileReference; lastKnownFileType = sourcecode.swift; path = CreateWalletViewController.swift; sourceTree = "<group>"; };
		1B9B4D5D22827ED500C345BD /* CreateWallet.storyboard */ = {isa = PBXFileReference; lastKnownFileType = file.storyboard; path = CreateWallet.storyboard; sourceTree = "<group>"; };
		1B9B4D61228295AE00C345BD /* WalletNameViewController.swift */ = {isa = PBXFileReference; lastKnownFileType = sourcecode.swift; path = WalletNameViewController.swift; sourceTree = "<group>"; };
		1B9B4D632282A3FD00C345BD /* WalletLastViewController.swift */ = {isa = PBXFileReference; lastKnownFileType = sourcecode.swift; path = WalletLastViewController.swift; sourceTree = "<group>"; };
		1BA0FB14228BF8FD00A0ADD7 /* TxResultViewController.swift */ = {isa = PBXFileReference; lastKnownFileType = sourcecode.swift; path = TxResultViewController.swift; sourceTree = "<group>"; };
		8A8C819C7EF40F6AE3ADB16A /* Pods-WalletClone.debug.xcconfig */ = {isa = PBXFileReference; includeInIndex = 1; lastKnownFileType = text.xcconfig; name = "Pods-WalletClone.debug.xcconfig"; path = "Pods/Target Support Files/Pods-WalletClone/Pods-WalletClone.debug.xcconfig"; sourceTree = "<group>"; };
		934B0FF0E10E1F65407C9AAD /* Pods-WalletClone.release.xcconfig */ = {isa = PBXFileReference; includeInIndex = 1; lastKnownFileType = text.xcconfig; name = "Pods-WalletClone.release.xcconfig"; path = "Pods/Target Support Files/Pods-WalletClone/Pods-WalletClone.release.xcconfig"; sourceTree = "<group>"; };
		AFE4FA063C70EBC12AE6B936 /* Pods_WalletClone.framework */ = {isa = PBXFileReference; explicitFileType = wrapper.framework; includeInIndex = 0; path = Pods_WalletClone.framework; sourceTree = BUILT_PRODUCTS_DIR; };
/* End PBXFileReference section */

/* Begin PBXFrameworksBuildPhase section */
		1B25ED58227A9770006F83F4 /* Frameworks */ = {
			isa = PBXFrameworksBuildPhase;
			buildActionMask = 2147483647;
			files = (
				FF2E68B480FEA07578169D15 /* Pods_WalletClone.framework in Frameworks */,
			);
			runOnlyForDeploymentPostprocessing = 0;
		};
/* End PBXFrameworksBuildPhase section */

/* Begin PBXGroup section */
		1B04A7F1228A508D001CC06E /* Transaction */ = {
			isa = PBXGroup;
			children = (
				1B04A7F2228A509E001CC06E /* Transaction.storyboard */,
				1B04A7F4228A5466001CC06E /* SendTransactionViewController.swift */,
				1B04A7FA228AAA05001CC06E /* TransactionViewModel.swift */,
				1BA0FB14228BF8FD00A0ADD7 /* TxResultViewController.swift */,
			);
			path = Transaction;
			sourceTree = "<group>";
		};
		1B25ED52227A9770006F83F4 = {
			isa = PBXGroup;
			children = (
				1B25ED5D227A9770006F83F4 /* WalletClone */,
				1B25ED5C227A9770006F83F4 /* Products */,
				3BD6A9ED8910CC12032A4F21 /* Pods */,
				3A38B89A0CE9A1C1AAE5FBA2 /* Frameworks */,
			);
			sourceTree = "<group>";
		};
		1B25ED5C227A9770006F83F4 /* Products */ = {
			isa = PBXGroup;
			children = (
				1B25ED5B227A9770006F83F4 /* WalletClone.app */,
			);
			name = Products;
			sourceTree = "<group>";
		};
		1B25ED5D227A9770006F83F4 /* WalletClone */ = {
			isa = PBXGroup;
			children = (
				1B04A7F1228A508D001CC06E /* Transaction */,
				1B35F74A2288FFBF009F0BBB /* ImportWallet */,
				1B35F73E2288FC0B009F0BBB /* Extensions */,
				1B5C8E96227C39F30010DE12 /* Supporting Files */,
				1B9B4D60228282E100C345BD /* Model */,
				1B9B4D5F228282C400C345BD /* CreateWallet */,
				1B25ED60227A9770006F83F4 /* ViewController.swift */,
				1B25ED62227A9770006F83F4 /* Main.storyboard */,
				1B57BAC72283B2B700AFBD7E /* WalletTableViewCell.swift */,
				1B373E46227C324F00603240 /* WalletModel.xcdatamodeld */,
				1B35F7482288FE20009F0BBB /* NetworkViewController.swift */,
				1B25ED6A227A9772006F83F4 /* Info.plist */,
				1B711D48228966D100AD55F3 /* NetworkCollectionViewCell.swift */,
			);
			path = WalletClone;
			sourceTree = "<group>";
		};
		1B35F73E2288FC0B009F0BBB /* Extensions */ = {
			isa = PBXGroup;
			children = (
				1B35F73F2288FC0B009F0BBB /* UIView+.swift */,
				1B35F7402288FC0B009F0BBB /* String+.swift */,
				1B35F7412288FC0B009F0BBB /* UIColor+.swift */,
			);
			name = Extensions;
			path = WalletClone/Extensions;
			sourceTree = SOURCE_ROOT;
		};
		1B35F74A2288FFBF009F0BBB /* ImportWallet */ = {
			isa = PBXGroup;
			children = (
				1B35F74B2288FFD1009F0BBB /* ImportWallet.storyboard */,
				1B35F74D2289016A009F0BBB /* ImportPKViewController.swift */,
				1B35F74F22890198009F0BBB /* ImportNameViewController.swift */,
			);
			path = ImportWallet;
			sourceTree = "<group>";
		};
		1B5C8E96227C39F30010DE12 /* Supporting Files */ = {
			isa = PBXGroup;
			children = (
				1B25ED5E227A9770006F83F4 /* AppDelegate.swift */,
				1B25ED65227A9772006F83F4 /* Assets.xcassets */,
				1B25ED67227A9772006F83F4 /* LaunchScreen.storyboard */,
			);
			path = "Supporting Files";
			sourceTree = "<group>";
		};
		1B9B4D5F228282C400C345BD /* CreateWallet */ = {
			isa = PBXGroup;
			children = (
				1B9B4D5D22827ED500C345BD /* CreateWallet.storyboard */,
				1B9B4D5B22827EB800C345BD /* CreateWalletViewController.swift */,
				1B9B4D61228295AE00C345BD /* WalletNameViewController.swift */,
				1B9B4D632282A3FD00C345BD /* WalletLastViewController.swift */,
			);
			path = CreateWallet;
			sourceTree = "<group>";
		};
		1B9B4D60228282E100C345BD /* Model */ = {
			isa = PBXGroup;
			children = (
				1B5E6F46227AC4DA00871EF6 /* ViewModel.swift */,
				1B373E44227C038E00603240 /* Wallet.swift */,
				1B9B4D59228275DB00C345BD /* Ethereum.swift */,
				1B04A7F6228A6D9B001CC06E /* DesignableTest.swift */,
			);
			path = Model;
			sourceTree = "<group>";
		};
		3A38B89A0CE9A1C1AAE5FBA2 /* Frameworks */ = {
			isa = PBXGroup;
			children = (
				AFE4FA063C70EBC12AE6B936 /* Pods_WalletClone.framework */,
			);
			name = Frameworks;
			sourceTree = "<group>";
		};
		3BD6A9ED8910CC12032A4F21 /* Pods */ = {
			isa = PBXGroup;
			children = (
				8A8C819C7EF40F6AE3ADB16A /* Pods-WalletClone.debug.xcconfig */,
				934B0FF0E10E1F65407C9AAD /* Pods-WalletClone.release.xcconfig */,
			);
			name = Pods;
			sourceTree = "<group>";
		};
/* End PBXGroup section */

/* Begin PBXNativeTarget section */
		1B25ED5A227A9770006F83F4 /* WalletClone */ = {
			isa = PBXNativeTarget;
			buildConfigurationList = 1B25ED6D227A9772006F83F4 /* Build configuration list for PBXNativeTarget "WalletClone" */;
			buildPhases = (
				B3B4F0A8C8C5859315794B5C /* [CP] Check Pods Manifest.lock */,
				1B25ED57227A9770006F83F4 /* Sources */,
				1B25ED58227A9770006F83F4 /* Frameworks */,
				1B25ED59227A9770006F83F4 /* Resources */,
				5F6F01395BEEC50BE60D13F4 /* [CP] Embed Pods Frameworks */,
			);
			buildRules = (
			);
			dependencies = (
			);
			name = WalletClone;
			productName = WalletClone;
			productReference = 1B25ED5B227A9770006F83F4 /* WalletClone.app */;
			productType = "com.apple.product-type.application";
		};
/* End PBXNativeTarget section */

/* Begin PBXProject section */
		1B25ED53227A9770006F83F4 /* Project object */ = {
			isa = PBXProject;
			attributes = {
				LastSwiftUpdateCheck = 1020;
				LastUpgradeCheck = 1020;
				ORGANIZATIONNAME = "Seungyeon Lee";
				TargetAttributes = {
					1B25ED5A227A9770006F83F4 = {
						CreatedOnToolsVersion = 10.2.1;
					};
				};
			};
			buildConfigurationList = 1B25ED56227A9770006F83F4 /* Build configuration list for PBXProject "WalletClone" */;
			compatibilityVersion = "Xcode 9.3";
			developmentRegion = en;
			hasScannedForEncodings = 0;
			knownRegions = (
				en,
				Base,
			);
			mainGroup = 1B25ED52227A9770006F83F4;
			productRefGroup = 1B25ED5C227A9770006F83F4 /* Products */;
			projectDirPath = "";
			projectRoot = "";
			targets = (
				1B25ED5A227A9770006F83F4 /* WalletClone */,
			);
		};
/* End PBXProject section */

/* Begin PBXResourcesBuildPhase section */
		1B25ED59227A9770006F83F4 /* Resources */ = {
			isa = PBXResourcesBuildPhase;
			buildActionMask = 2147483647;
			files = (
				1B25ED69227A9772006F83F4 /* LaunchScreen.storyboard in Resources */,
				1B25ED66227A9772006F83F4 /* Assets.xcassets in Resources */,
				1B35F74C2288FFD1009F0BBB /* ImportWallet.storyboard in Resources */,
				1B25ED64227A9770006F83F4 /* Main.storyboard in Resources */,
				1B9B4D5E22827ED500C345BD /* CreateWallet.storyboard in Resources */,
				1B04A7F3228A509E001CC06E /* Transaction.storyboard in Resources */,
			);
			runOnlyForDeploymentPostprocessing = 0;
		};
/* End PBXResourcesBuildPhase section */

/* Begin PBXShellScriptBuildPhase section */
		5F6F01395BEEC50BE60D13F4 /* [CP] Embed Pods Frameworks */ = {
			isa = PBXShellScriptBuildPhase;
			buildActionMask = 2147483647;
			files = (
			);
			inputFileListPaths = (
			);
			inputPaths = (
				"${SRCROOT}/Pods/Target Support Files/Pods-WalletClone/Pods-WalletClone-frameworks.sh",
				"${BUILT_PRODUCTS_DIR}/BigInt/BigInt.framework",
				"${BUILT_PRODUCTS_DIR}/CryptoSwift/CryptoSwift.framework",
				"${BUILT_PRODUCTS_DIR}/Differentiator/Differentiator.framework",
				"${BUILT_PRODUCTS_DIR}/PromiseKit/PromiseKit.framework",
				"${BUILT_PRODUCTS_DIR}/RxCocoa/RxCocoa.framework",
				"${BUILT_PRODUCTS_DIR}/RxDataSources/RxDataSources.framework",
				"${BUILT_PRODUCTS_DIR}/RxSwift/RxSwift.framework",
				"${BUILT_PRODUCTS_DIR}/SipHash/SipHash.framework",
				"${BUILT_PRODUCTS_DIR}/Starscream/Starscream.framework",
				"${BUILT_PRODUCTS_DIR}/secp256k1_swift/secp256k1_swift.framework",
				"${BUILT_PRODUCTS_DIR}/web3swift/Web3swift.framework",
			);
			name = "[CP] Embed Pods Frameworks";
			outputFileListPaths = (
			);
			outputPaths = (
				"${TARGET_BUILD_DIR}/${FRAMEWORKS_FOLDER_PATH}/BigInt.framework",
				"${TARGET_BUILD_DIR}/${FRAMEWORKS_FOLDER_PATH}/CryptoSwift.framework",
				"${TARGET_BUILD_DIR}/${FRAMEWORKS_FOLDER_PATH}/Differentiator.framework",
				"${TARGET_BUILD_DIR}/${FRAMEWORKS_FOLDER_PATH}/PromiseKit.framework",
				"${TARGET_BUILD_DIR}/${FRAMEWORKS_FOLDER_PATH}/RxCocoa.framework",
				"${TARGET_BUILD_DIR}/${FRAMEWORKS_FOLDER_PATH}/RxDataSources.framework",
				"${TARGET_BUILD_DIR}/${FRAMEWORKS_FOLDER_PATH}/RxSwift.framework",
				"${TARGET_BUILD_DIR}/${FRAMEWORKS_FOLDER_PATH}/SipHash.framework",
				"${TARGET_BUILD_DIR}/${FRAMEWORKS_FOLDER_PATH}/Starscream.framework",
				"${TARGET_BUILD_DIR}/${FRAMEWORKS_FOLDER_PATH}/secp256k1_swift.framework",
				"${TARGET_BUILD_DIR}/${FRAMEWORKS_FOLDER_PATH}/Web3swift.framework",
			);
			runOnlyForDeploymentPostprocessing = 0;
			shellPath = /bin/sh;
			shellScript = "\"${SRCROOT}/Pods/Target Support Files/Pods-WalletClone/Pods-WalletClone-frameworks.sh\"\n";
			showEnvVarsInLog = 0;
		};
		B3B4F0A8C8C5859315794B5C /* [CP] Check Pods Manifest.lock */ = {
			isa = PBXShellScriptBuildPhase;
			buildActionMask = 2147483647;
			files = (
			);
			inputFileListPaths = (
			);
			inputPaths = (
				"${PODS_PODFILE_DIR_PATH}/Podfile.lock",
				"${PODS_ROOT}/Manifest.lock",
			);
			name = "[CP] Check Pods Manifest.lock";
			outputFileListPaths = (
			);
			outputPaths = (
				"$(DERIVED_FILE_DIR)/Pods-WalletClone-checkManifestLockResult.txt",
			);
			runOnlyForDeploymentPostprocessing = 0;
			shellPath = /bin/sh;
			shellScript = "diff \"${PODS_PODFILE_DIR_PATH}/Podfile.lock\" \"${PODS_ROOT}/Manifest.lock\" > /dev/null\nif [ $? != 0 ] ; then\n    # print error to STDERR\n    echo \"error: The sandbox is not in sync with the Podfile.lock. Run 'pod install' or update your CocoaPods installation.\" >&2\n    exit 1\nfi\n# This output is used by Xcode 'outputs' to avoid re-running this script phase.\necho \"SUCCESS\" > \"${SCRIPT_OUTPUT_FILE_0}\"\n";
			showEnvVarsInLog = 0;
		};
/* End PBXShellScriptBuildPhase section */

/* Begin PBXSourcesBuildPhase section */
		1B25ED57227A9770006F83F4 /* Sources */ = {
			isa = PBXSourcesBuildPhase;
			buildActionMask = 2147483647;
			files = (
				1B35F7422288FC0B009F0BBB /* UIView+.swift in Sources */,
				1B373E45227C038E00603240 /* Wallet.swift in Sources */,
				1B04A7F7228A6D9B001CC06E /* DesignableTest.swift in Sources */,
				1B25ED61227A9770006F83F4 /* ViewController.swift in Sources */,
				1B373E48227C324F00603240 /* WalletModel.xcdatamodeld in Sources */,
				1B35F75022890198009F0BBB /* ImportNameViewController.swift in Sources */,
				1B04A7F5228A5466001CC06E /* SendTransactionViewController.swift in Sources */,
				1B9B4D62228295AE00C345BD /* WalletNameViewController.swift in Sources */,
				1B35F7492288FE20009F0BBB /* NetworkViewController.swift in Sources */,
				1B9B4D642282A3FD00C345BD /* WalletLastViewController.swift in Sources */,
				1B5E6F47227AC4DA00871EF6 /* ViewModel.swift in Sources */,
				1B57BAC82283B2B700AFBD7E /* WalletTableViewCell.swift in Sources */,
				1B711D49228966D100AD55F3 /* NetworkCollectionViewCell.swift in Sources */,
				1BA0FB15228BF8FD00A0ADD7 /* TxResultViewController.swift in Sources */,
				1B25ED5F227A9770006F83F4 /* AppDelegate.swift in Sources */,
				1B35F7432288FC0B009F0BBB /* String+.swift in Sources */,
				1B35F74E2289016A009F0BBB /* ImportPKViewController.swift in Sources */,
				1B9B4D5C22827EB800C345BD /* CreateWalletViewController.swift in Sources */,
				1B9B4D5A228275DB00C345BD /* Ethereum.swift in Sources */,
				1B35F7442288FC0B009F0BBB /* UIColor+.swift in Sources */,
				1B04A7FB228AAA05001CC06E /* TransactionViewModel.swift in Sources */,
			);
			runOnlyForDeploymentPostprocessing = 0;
		};
/* End PBXSourcesBuildPhase section */

/* Begin PBXVariantGroup section */
		1B25ED62227A9770006F83F4 /* Main.storyboard */ = {
			isa = PBXVariantGroup;
			children = (
				1B25ED63227A9770006F83F4 /* Base */,
			);
			name = Main.storyboard;
			sourceTree = "<group>";
		};
		1B25ED67227A9772006F83F4 /* LaunchScreen.storyboard */ = {
			isa = PBXVariantGroup;
			children = (
				1B25ED68227A9772006F83F4 /* Base */,
			);
			name = LaunchScreen.storyboard;
			sourceTree = "<group>";
		};
/* End PBXVariantGroup section */

/* Begin XCBuildConfiguration section */
		1B25ED6B227A9772006F83F4 /* Debug */ = {
			isa = XCBuildConfiguration;
			buildSettings = {
				ALWAYS_SEARCH_USER_PATHS = NO;
				CLANG_ANALYZER_NONNULL = YES;
				CLANG_ANALYZER_NUMBER_OBJECT_CONVERSION = YES_AGGRESSIVE;
				CLANG_CXX_LANGUAGE_STANDARD = "gnu++14";
				CLANG_CXX_LIBRARY = "libc++";
				CLANG_ENABLE_MODULES = YES;
				CLANG_ENABLE_OBJC_ARC = YES;
				CLANG_ENABLE_OBJC_WEAK = YES;
				CLANG_WARN_BLOCK_CAPTURE_AUTORELEASING = YES;
				CLANG_WARN_BOOL_CONVERSION = YES;
				CLANG_WARN_COMMA = YES;
				CLANG_WARN_CONSTANT_CONVERSION = YES;
				CLANG_WARN_DEPRECATED_OBJC_IMPLEMENTATIONS = YES;
				CLANG_WARN_DIRECT_OBJC_ISA_USAGE = YES_ERROR;
				CLANG_WARN_DOCUMENTATION_COMMENTS = YES;
				CLANG_WARN_EMPTY_BODY = YES;
				CLANG_WARN_ENUM_CONVERSION = YES;
				CLANG_WARN_INFINITE_RECURSION = YES;
				CLANG_WARN_INT_CONVERSION = YES;
				CLANG_WARN_NON_LITERAL_NULL_CONVERSION = YES;
				CLANG_WARN_OBJC_IMPLICIT_RETAIN_SELF = YES;
				CLANG_WARN_OBJC_LITERAL_CONVERSION = YES;
				CLANG_WARN_OBJC_ROOT_CLASS = YES_ERROR;
				CLANG_WARN_RANGE_LOOP_ANALYSIS = YES;
				CLANG_WARN_STRICT_PROTOTYPES = YES;
				CLANG_WARN_SUSPICIOUS_MOVE = YES;
				CLANG_WARN_UNGUARDED_AVAILABILITY = YES_AGGRESSIVE;
				CLANG_WARN_UNREACHABLE_CODE = YES;
				CLANG_WARN__DUPLICATE_METHOD_MATCH = YES;
				CODE_SIGN_IDENTITY = "iPhone Developer";
				COPY_PHASE_STRIP = NO;
				DEBUG_INFORMATION_FORMAT = dwarf;
				ENABLE_STRICT_OBJC_MSGSEND = YES;
				ENABLE_TESTABILITY = YES;
				GCC_C_LANGUAGE_STANDARD = gnu11;
				GCC_DYNAMIC_NO_PIC = NO;
				GCC_NO_COMMON_BLOCKS = YES;
				GCC_OPTIMIZATION_LEVEL = 0;
				GCC_PREPROCESSOR_DEFINITIONS = (
					"DEBUG=1",
					"$(inherited)",
				);
				GCC_WARN_64_TO_32_BIT_CONVERSION = YES;
				GCC_WARN_ABOUT_RETURN_TYPE = YES_ERROR;
				GCC_WARN_UNDECLARED_SELECTOR = YES;
				GCC_WARN_UNINITIALIZED_AUTOS = YES_AGGRESSIVE;
				GCC_WARN_UNUSED_FUNCTION = YES;
				GCC_WARN_UNUSED_VARIABLE = YES;
				IPHONEOS_DEPLOYMENT_TARGET = 12.2;
				MTL_ENABLE_DEBUG_INFO = INCLUDE_SOURCE;
				MTL_FAST_MATH = YES;
				ONLY_ACTIVE_ARCH = YES;
				SDKROOT = iphoneos;
				SWIFT_ACTIVE_COMPILATION_CONDITIONS = DEBUG;
				SWIFT_OPTIMIZATION_LEVEL = "-Onone";
			};
			name = Debug;
		};
		1B25ED6C227A9772006F83F4 /* Release */ = {
			isa = XCBuildConfiguration;
			buildSettings = {
				ALWAYS_SEARCH_USER_PATHS = NO;
				CLANG_ANALYZER_NONNULL = YES;
				CLANG_ANALYZER_NUMBER_OBJECT_CONVERSION = YES_AGGRESSIVE;
				CLANG_CXX_LANGUAGE_STANDARD = "gnu++14";
				CLANG_CXX_LIBRARY = "libc++";
				CLANG_ENABLE_MODULES = YES;
				CLANG_ENABLE_OBJC_ARC = YES;
				CLANG_ENABLE_OBJC_WEAK = YES;
				CLANG_WARN_BLOCK_CAPTURE_AUTORELEASING = YES;
				CLANG_WARN_BOOL_CONVERSION = YES;
				CLANG_WARN_COMMA = YES;
				CLANG_WARN_CONSTANT_CONVERSION = YES;
				CLANG_WARN_DEPRECATED_OBJC_IMPLEMENTATIONS = YES;
				CLANG_WARN_DIRECT_OBJC_ISA_USAGE = YES_ERROR;
				CLANG_WARN_DOCUMENTATION_COMMENTS = YES;
				CLANG_WARN_EMPTY_BODY = YES;
				CLANG_WARN_ENUM_CONVERSION = YES;
				CLANG_WARN_INFINITE_RECURSION = YES;
				CLANG_WARN_INT_CONVERSION = YES;
				CLANG_WARN_NON_LITERAL_NULL_CONVERSION = YES;
				CLANG_WARN_OBJC_IMPLICIT_RETAIN_SELF = YES;
				CLANG_WARN_OBJC_LITERAL_CONVERSION = YES;
				CLANG_WARN_OBJC_ROOT_CLASS = YES_ERROR;
				CLANG_WARN_RANGE_LOOP_ANALYSIS = YES;
				CLANG_WARN_STRICT_PROTOTYPES = YES;
				CLANG_WARN_SUSPICIOUS_MOVE = YES;
				CLANG_WARN_UNGUARDED_AVAILABILITY = YES_AGGRESSIVE;
				CLANG_WARN_UNREACHABLE_CODE = YES;
				CLANG_WARN__DUPLICATE_METHOD_MATCH = YES;
				CODE_SIGN_IDENTITY = "iPhone Developer";
				COPY_PHASE_STRIP = NO;
				DEBUG_INFORMATION_FORMAT = "dwarf-with-dsym";
				ENABLE_NS_ASSERTIONS = NO;
				ENABLE_STRICT_OBJC_MSGSEND = YES;
				GCC_C_LANGUAGE_STANDARD = gnu11;
				GCC_NO_COMMON_BLOCKS = YES;
				GCC_WARN_64_TO_32_BIT_CONVERSION = YES;
				GCC_WARN_ABOUT_RETURN_TYPE = YES_ERROR;
				GCC_WARN_UNDECLARED_SELECTOR = YES;
				GCC_WARN_UNINITIALIZED_AUTOS = YES_AGGRESSIVE;
				GCC_WARN_UNUSED_FUNCTION = YES;
				GCC_WARN_UNUSED_VARIABLE = YES;
				IPHONEOS_DEPLOYMENT_TARGET = 12.2;
				MTL_ENABLE_DEBUG_INFO = NO;
				MTL_FAST_MATH = YES;
				SDKROOT = iphoneos;
				SWIFT_COMPILATION_MODE = wholemodule;
				SWIFT_OPTIMIZATION_LEVEL = "-O";
				VALIDATE_PRODUCT = YES;
			};
			name = Release;
		};
		1B25ED6E227A9772006F83F4 /* Debug */ = {
			isa = XCBuildConfiguration;
			baseConfigurationReference = 8A8C819C7EF40F6AE3ADB16A /* Pods-WalletClone.debug.xcconfig */;
			buildSettings = {
				ASSETCATALOG_COMPILER_APPICON_NAME = AppIcon;
				CODE_SIGN_STYLE = Automatic;
				DEVELOPMENT_TEAM = BX5JP2585T;
				INFOPLIST_FILE = WalletClone/Info.plist;
				LD_RUNPATH_SEARCH_PATHS = (
					"$(inherited)",
					"@executable_path/Frameworks",
				);
				PRODUCT_BUNDLE_IDENTIFIER = io.github.sweepty.WalletClone;
				PRODUCT_NAME = "$(TARGET_NAME)";
				SWIFT_VERSION = 5.0;
				TARGETED_DEVICE_FAMILY = "1,2";
			};
			name = Debug;
		};
		1B25ED6F227A9772006F83F4 /* Release */ = {
			isa = XCBuildConfiguration;
			baseConfigurationReference = 934B0FF0E10E1F65407C9AAD /* Pods-WalletClone.release.xcconfig */;
			buildSettings = {
				ASSETCATALOG_COMPILER_APPICON_NAME = AppIcon;
				CODE_SIGN_STYLE = Automatic;
				DEVELOPMENT_TEAM = BX5JP2585T;
				INFOPLIST_FILE = WalletClone/Info.plist;
				LD_RUNPATH_SEARCH_PATHS = (
					"$(inherited)",
					"@executable_path/Frameworks",
				);
				PRODUCT_BUNDLE_IDENTIFIER = io.github.sweepty.WalletClone;
				PRODUCT_NAME = "$(TARGET_NAME)";
				SWIFT_VERSION = 5.0;
				TARGETED_DEVICE_FAMILY = "1,2";
			};
			name = Release;
		};
/* End XCBuildConfiguration section */

/* Begin XCConfigurationList section */
		1B25ED56227A9770006F83F4 /* Build configuration list for PBXProject "WalletClone" */ = {
			isa = XCConfigurationList;
			buildConfigurations = (
				1B25ED6B227A9772006F83F4 /* Debug */,
				1B25ED6C227A9772006F83F4 /* Release */,
			);
			defaultConfigurationIsVisible = 0;
			defaultConfigurationName = Release;
		};
		1B25ED6D227A9772006F83F4 /* Build configuration list for PBXNativeTarget "WalletClone" */ = {
			isa = XCConfigurationList;
			buildConfigurations = (
				1B25ED6E227A9772006F83F4 /* Debug */,
				1B25ED6F227A9772006F83F4 /* Release */,
			);
			defaultConfigurationIsVisible = 0;
			defaultConfigurationName = Release;
		};
/* End XCConfigurationList section */

/* Begin XCVersionGroup section */
		1B373E46227C324F00603240 /* WalletModel.xcdatamodeld */ = {
			isa = XCVersionGroup;
			children = (
				1B373E47227C324F00603240 /* WalletModel.xcdatamodel */,
			);
			currentVersion = 1B373E47227C324F00603240 /* WalletModel.xcdatamodel */;
			path = WalletModel.xcdatamodeld;
			sourceTree = "<group>";
			versionGroupType = wrapper.xcdatamodel;
		};
/* End XCVersionGroup section */
	};
	rootObject = 1B25ED53227A9770006F83F4 /* Project object */;
}
